
Microsoft Visual Studio Solution File, Format Version 12.00
# Visual Studio Version 16
VisualStudioVersion = 16.0.30406.217
MinimumVisualStudioVersion = 10.0.40219.1
Project("{FAE04EC0-301F-11D3-BF4B-00C04F79EFBC}") = "AzureDemo.Android", "AzureDemo\AzureDemo.Android\AzureDemo.Android.csproj", "{789B6B42-0602-4891-9AA8-F107265D667E}"
EndProject
Project("{FAE04EC0-301F-11D3-BF4B-00C04F79EFBC}") = "AzureDemo.iOS", "AzureDemo\AzureDemo.iOS\AzureDemo.iOS.csproj", "{5669DE41-17B1-4028-B87A-289F08C617F3}"
EndProject
Project("{FAE04EC0-301F-11D3-BF4B-00C04F79EFBC}") = "AzureDemo", "AzureDemo\AzureDemo\AzureDemo.csproj", "{B533F3E1-309D-4626-A4AD-3645E61D2561}"
EndProject
Global
	GlobalSection(SolutionConfigurationPlatforms) = preSolution
		Debug|Any CPU = Debug|Any CPU
		Debug|iPhone = Debug|iPhone
		Debug|iPhoneSimulator = Debug|iPhoneSimulator
		Release|Any CPU = Release|Any CPU
		Release|iPhone = Release|iPhone
		Release|iPhoneSimulator = Release|iPhoneSimulator
	EndGlobalSection
	GlobalSection(ProjectConfigurationPlatforms) = postSolution
		{789B6B42-0602-4891-9AA8-F107265D667E}.Debug|Any CPU.ActiveCfg = Debug|Any CPU
		{789B6B42-0602-4891-9AA8-F107265D667E}.Debug|Any CPU.Build.0 = Debug|Any CPU
		{789B6B42-0602-4891-9AA8-F107265D667E}.Debug|Any CPU.Deploy.0 = Debug|Any CPU
		{789B6B42-0602-4891-9AA8-F107265D667E}.Debug|iPhone.ActiveCfg = Debug|Any CPU
		{789B6B42-0602-4891-9AA8-F107265D667E}.Debug|iPhone.Build.0 = Debug|Any CPU
		{789B6B42-0602-4891-9AA8-F107265D667E}.Debug|iPhone.Deploy.0 = Debug|Any CPU
		{789B6B42-0602-4891-9AA8-F107265D667E}.Debug|iPhoneSimulator.ActiveCfg = Debug|Any CPU
		{789B6B42-0602-4891-9AA8-F107265D667E}.Debug|iPhoneSimulator.Build.0 = Debug|Any CPU
		{789B6B42-0602-4891-9AA8-F107265D667E}.Debug|iPhoneSimulator.Deploy.0 = Debug|Any CPU
		{789B6B42-0602-4891-9AA8-F107265D667E}.Release|Any CPU.ActiveCfg = Release|Any CPU
		{789B6B42-0602-4891-9AA8-F107265D667E}.Release|Any CPU.Build.0 = Release|Any CPU
		{789B6B42-0602-4891-9AA8-F107265D667E}.Release|Any CPU.Deploy.0 = Release|Any CPU
		{789B6B42-0602-4891-9AA8-F107265D667E}.Release|iPhone.ActiveCfg = Release|Any CPU
		{789B6B42-0602-4891-9AA8-F107265D667E}.Release|iPhone.Build.0 = Release|Any CPU
		{789B6B42-0602-4891-9AA8-F107265D667E}.Release|iPhone.Deploy.0 = Release|Any CPU
		{789B6B42-0602-4891-9AA8-F107265D667E}.Release|iPhoneSimulator.ActiveCfg = Release|Any CPU
		{789B6B42-0602-4891-9AA8-F107265D667E}.Release|iPhoneSimulator.Build.0 = Release|Any CPU
		{789B6B42-0602-4891-9AA8-F107265D667E}.Release|iPhoneSimulator.Deploy.0 = Release|Any CPU
		{5669DE41-17B1-4028-B87A-289F08C617F3}.Debug|Any CPU.ActiveCfg = Debug|iPhone
		{5669DE41-17B1-4028-B87A-289F08C617F3}.Debug|Any CPU.Build.0 = Debug|iPhone
		{5669DE41-17B1-4028-B87A-289F08C617F3}.Debug|Any CPU.Deploy.0 = Debug|iPhone
		{5669DE41-17B1-4028-B87A-289F08C617F3}.Debug|iPhone.ActiveCfg = Debug|iPhone
		{5669DE41-17B1-4028-B87A-289F08C617F3}.Debug|iPhone.Build.0 = Debug|iPhone
		{5669DE41-17B1-4028-B87A-289F08C617F3}.Debug|iPhone.Deploy.0 = Debug|iPhone
		{5669DE41-17B1-4028-B87A-289F08C617F3}.Debug|iPhoneSimulator.ActiveCfg = Debug|iPhoneSimulator
		{5669DE41-17B1-4028-B87A-289F08C617F3}.Debug|iPhoneSimulator.Build.0 = Debug|iPhoneSimulator
		{5669DE41-17B1-4028-B87A-289F08C617F3}.Debug|iPhoneSimulator.Deploy.0 = Debug|iPhoneSimulator
		{5669DE41-17B1-4028-B87A-289F08C617F3}.Release|Any CPU.ActiveCfg = Release|iPhone
		{5669DE41-17B1-4028-B87A-289F08C617F3}.Release|Any CPU.Build.0 = Release|iPhone
		{5669DE41-17B1-4028-B87A-289F08C617F3}.Release|Any CPU.Deploy.0 = Release|iPhone
		{5669DE41-17B1-4028-B87A-289F08C617F3}.Release|iPhone.ActiveCfg = Release|iPhone
		{5669DE41-17B1-4028-B87A-289F08C617F3}.Release|iPhone.Build.0 = Release|iPhone
		{5669DE41-17B1-4028-B87A-289F08C617F3}.Release|iPhone.Deploy.0 = Release|iPhone
		{5669DE41-17B1-4028-B87A-289F08C617F3}.Release|iPhoneSimulator.ActiveCfg = Release|iPhoneSimulator
		{5669DE41-17B1-4028-B87A-289F08C617F3}.Release|iPhoneSimulator.Build.0 = Release|iPhoneSimulator
		{5669DE41-17B1-4028-B87A-289F08C617F3}.Release|iPhoneSimulator.Deploy.0 = Release|iPhoneSimulator
		{B533F3E1-309D-4626-A4AD-3645E61D2561}.Debug|Any CPU.ActiveCfg = Debug|Any CPU
		{B533F3E1-309D-4626-A4AD-3645E61D2561}.Debug|Any CPU.Build.0 = Debug|Any CPU
		{B533F3E1-309D-4626-A4AD-3645E61D2561}.Debug|Any CPU.Deploy.0 = Debug|Any CPU
		{B533F3E1-309D-4626-A4AD-3645E61D2561}.Debug|iPhone.ActiveCfg = Debug|Any CPU
		{B533F3E1-309D-4626-A4AD-3645E61D2561}.Debug|iPhone.Build.0 = Debug|Any CPU
		{B533F3E1-309D-4626-A4AD-3645E61D2561}.Debug|iPhone.Deploy.0 = Debug|Any CPU
		{B533F3E1-309D-4626-A4AD-3645E61D2561}.Debug|iPhoneSimulator.ActiveCfg = Debug|Any CPU
		{B533F3E1-309D-4626-A4AD-3645E61D2561}.Debug|iPhoneSimulator.Build.0 = Debug|Any CPU
		{B533F3E1-309D-4626-A4AD-3645E61D2561}.Debug|iPhoneSimulator.Deploy.0 = Debug|Any CPU
		{B533F3E1-309D-4626-A4AD-3645E61D2561}.Release|Any CPU.ActiveCfg = Release|Any CPU
		{B533F3E1-309D-4626-A4AD-3645E61D2561}.Release|Any CPU.Build.0 = Release|Any CPU
		{B533F3E1-309D-4626-A4AD-3645E61D2561}.Release|Any CPU.Deploy.0 = Release|Any CPU
		{B533F3E1-309D-4626-A4AD-3645E61D2561}.Release|iPhone.ActiveCfg = Release|Any CPU
		{B533F3E1-309D-4626-A4AD-3645E61D2561}.Release|iPhone.Build.0 = Release|Any CPU
		{B533F3E1-309D-4626-A4AD-3645E61D2561}.Release|iPhone.Deploy.0 = Release|Any CPU
		{B533F3E1-309D-4626-A4AD-3645E61D2561}.Release|iPhoneSimulator.ActiveCfg = Release|Any CPU
		{B533F3E1-309D-4626-A4AD-3645E61D2561}.Release|iPhoneSimulator.Build.0 = Release|Any CPU
		{B533F3E1-309D-4626-A4AD-3645E61D2561}.Release|iPhoneSimulator.Deploy.0 = Release|Any CPU
	EndGlobalSection
	GlobalSection(SolutionProperties) = preSolution
		HideSolutionNode = FALSE
	EndGlobalSection
	GlobalSection(ExtensibilityGlobals) = postSolution
		SolutionGuid = {46D135D2-5963-459D-ADBD-79A1A51D3C95}
	EndGlobalSection
EndGlobal
